
Microsoft Visual Studio Solution File, Format Version 12.00
# Visual Studio 2012
Project("{F184B08F-C81C-45F6-A57F-5ABD9991F28F}") = "Quiz", "Quiz\Quiz.vbproj", "{ECFAF11D-5B9D-4B71-AB1C-18252DC2D7AF}"
EndProject
Global
	GlobalSection(SolutionConfigurationPlatforms) = preSolution
		Debug|Any CPU = Debug|Any CPU
		Release|Any CPU = Release|Any CPU
	EndGlobalSection
	GlobalSection(ProjectConfigurationPlatforms) = postSolution
		{ECFAF11D-5B9D-4B71-AB1C-18252DC2D7AF}.Debug|Any CPU.ActiveCfg = Debug|Any CPU
		{ECFAF11D-5B9D-4B71-AB1C-18252DC2D7AF}.Debug|Any CPU.Build.0 = Debug|Any CPU
		{ECFAF11D-5B9D-4B71-AB1C-18252DC2D7AF}.Release|Any CPU.ActiveCfg = Release|Any CPU
		{ECFAF11D-5B9D-4B71-AB1C-18252DC2D7AF}.Release|Any CPU.Build.0 = Release|Any CPU
	EndGlobalSection
	GlobalSection(SolutionProperties) = preSolution
		HideSolutionNode = FALSE
	EndGlobalSection
EndGlobal
