
Microsoft Visual Studio Solution File, Format Version 12.00
# Visual Studio 14
VisualStudioVersion = 14.0.23107.0
MinimumVisualStudioVersion = 10.0.40219.1
Project("{F184B08F-C81C-45F6-A57F-5ABD9991F28F}") = "AgeArray1", "AgeArray1\AgeArray1.vbproj", "{3D67C18A-4FCA-4FC2-BD68-F431747B7B0A}"
EndProject
Global
	GlobalSection(SolutionConfigurationPlatforms) = preSolution
		Debug|Any CPU = Debug|Any CPU
		Release|Any CPU = Release|Any CPU
	EndGlobalSection
	GlobalSection(ProjectConfigurationPlatforms) = postSolution
		{3D67C18A-4FCA-4FC2-BD68-F431747B7B0A}.Debug|Any CPU.ActiveCfg = Debug|Any CPU
		{3D67C18A-4FCA-4FC2-BD68-F431747B7B0A}.Debug|Any CPU.Build.0 = Debug|Any CPU
		{3D67C18A-4FCA-4FC2-BD68-F431747B7B0A}.Release|Any CPU.ActiveCfg = Release|Any CPU
		{3D67C18A-4FCA-4FC2-BD68-F431747B7B0A}.Release|Any CPU.Build.0 = Release|Any CPU
	EndGlobalSection
	GlobalSection(SolutionProperties) = preSolution
		HideSolutionNode = FALSE
	EndGlobalSection
EndGlobal
